
Microsoft Visual Studio Solution File, Format Version 12.00
# Visual Studio Version 17
VisualStudioVersion = 17.4.33110.190
MinimumVisualStudioVersion = 10.0.40219.1
Project("{FAE04EC0-301F-11D3-BF4B-00C04F79EFBC}") = "eTickets", "eTickets.csproj", "{AD8A5B55-A703-4957-B629-E6287063CED3}"
EndProject
Global
	GlobalSection(SolutionConfigurationPlatforms) = preSolution
		Debug|Any CPU = Debug|Any CPU
		Release|Any CPU = Release|Any CPU
	EndGlobalSection
	GlobalSection(ProjectConfigurationPlatforms) = postSolution
		{AD8A5B55-A703-4957-B629-E6287063CED3}.Debug|Any CPU.ActiveCfg = Debug|Any CPU
		{AD8A5B55-A703-4957-B629-E6287063CED3}.Debug|Any CPU.Build.0 = Debug|Any CPU
		{AD8A5B55-A703-4957-B629-E6287063CED3}.Release|Any CPU.ActiveCfg = Release|Any CPU
		{AD8A5B55-A703-4957-B629-E6287063CED3}.Release|Any CPU.Build.0 = Release|Any CPU
	EndGlobalSection
	GlobalSection(SolutionProperties) = preSolution
		HideSolutionNode = FALSE
	EndGlobalSection
	GlobalSection(ExtensibilityGlobals) = postSolution
		SolutionGuid = {35D8D636-BB14-4EC7-801E-66E2841CD1F5}
	EndGlobalSection
EndGlobal
